
Microsoft Visual Studio Solution File, Format Version 12.00
# Visual Studio 14
VisualStudioVersion = 14.0.25420.1
MinimumVisualStudioVersion = 10.0.40219.1
Project("{FAE04EC0-301F-11D3-BF4B-00C04F79EFBC}") = "Family", "Family\Family\Family.csproj", "{6339C33A-DA52-4AF8-B66C-B9A405AB5BC7}"
EndProject
Project("{FAE04EC0-301F-11D3-BF4B-00C04F79EFBC}") = "Family.Droid", "Family\Family.Droid\Family.Droid.csproj", "{2CC52081-8E81-4220-B8DD-17CA7C3207C8}"
EndProject
Project("{FAE04EC0-301F-11D3-BF4B-00C04F79EFBC}") = "Family.iOS", "Family\Family.iOS\Family.iOS.csproj", "{DE6BA60F-A06A-4A79-A0C4-755795AAE37D}"
EndProject
Project("{FAE04EC0-301F-11D3-BF4B-00C04F79EFBC}") = "Family.WinPhone", "Family\Family.WinPhone\Family.WinPhone.csproj", "{FC8A1112-A19F-4CE1-9077-9A4C57336489}"
EndProject
Project("{FAE04EC0-301F-11D3-BF4B-00C04F79EFBC}") = "Family.Windows", "Family\Family.Windows\Family.Windows.csproj", "{3464480A-3A33-4407-AEA0-A6E4692668CB}"
EndProject
Global
	GlobalSection(SolutionConfigurationPlatforms) = preSolution
		Ad-Hoc|Any CPU = Ad-Hoc|Any CPU
		Ad-Hoc|ARM = Ad-Hoc|ARM
		Ad-Hoc|iPhone = Ad-Hoc|iPhone
		Ad-Hoc|iPhoneSimulator = Ad-Hoc|iPhoneSimulator
		Ad-Hoc|x64 = Ad-Hoc|x64
		Ad-Hoc|x86 = Ad-Hoc|x86
		AppStore|Any CPU = AppStore|Any CPU
		AppStore|ARM = AppStore|ARM
		AppStore|iPhone = AppStore|iPhone
		AppStore|iPhoneSimulator = AppStore|iPhoneSimulator
		AppStore|x64 = AppStore|x64
		AppStore|x86 = AppStore|x86
		Debug|Any CPU = Debug|Any CPU
		Debug|ARM = Debug|ARM
		Debug|iPhone = Debug|iPhone
		Debug|iPhoneSimulator = Debug|iPhoneSimulator
		Debug|x64 = Debug|x64
		Debug|x86 = Debug|x86
		Release|Any CPU = Release|Any CPU
		Release|ARM = Release|ARM
		Release|iPhone = Release|iPhone
		Release|iPhoneSimulator = Release|iPhoneSimulator
		Release|x64 = Release|x64
		Release|x86 = Release|x86
	EndGlobalSection
	GlobalSection(ProjectConfigurationPlatforms) = postSolution
		{6339C33A-DA52-4AF8-B66C-B9A405AB5BC7}.Ad-Hoc|Any CPU.ActiveCfg = Release|Any CPU
		{6339C33A-DA52-4AF8-B66C-B9A405AB5BC7}.Ad-Hoc|Any CPU.Build.0 = Release|Any CPU
		{6339C33A-DA52-4AF8-B66C-B9A405AB5BC7}.Ad-Hoc|ARM.ActiveCfg = Release|Any CPU
		{6339C33A-DA52-4AF8-B66C-B9A405AB5BC7}.Ad-Hoc|ARM.Build.0 = Release|Any CPU
		{6339C33A-DA52-4AF8-B66C-B9A405AB5BC7}.Ad-Hoc|iPhone.ActiveCfg = Release|Any CPU
		{6339C33A-DA52-4AF8-B66C-B9A405AB5BC7}.Ad-Hoc|iPhone.Build.0 = Release|Any CPU
		{6339C33A-DA52-4AF8-B66C-B9A405AB5BC7}.Ad-Hoc|iPhoneSimulator.ActiveCfg = Release|Any CPU
		{6339C33A-DA52-4AF8-B66C-B9A405AB5BC7}.Ad-Hoc|iPhoneSimulator.Build.0 = Release|Any CPU
		{6339C33A-DA52-4AF8-B66C-B9A405AB5BC7}.Ad-Hoc|x64.ActiveCfg = Release|Any CPU
		{6339C33A-DA52-4AF8-B66C-B9A405AB5BC7}.Ad-Hoc|x64.Build.0 = Release|Any CPU
		{6339C33A-DA52-4AF8-B66C-B9A405AB5BC7}.Ad-Hoc|x86.ActiveCfg = Release|Any CPU
		{6339C33A-DA52-4AF8-B66C-B9A405AB5BC7}.Ad-Hoc|x86.Build.0 = Release|Any CPU
		{6339C33A-DA52-4AF8-B66C-B9A405AB5BC7}.AppStore|Any CPU.ActiveCfg = Release|Any CPU
		{6339C33A-DA52-4AF8-B66C-B9A405AB5BC7}.AppStore|Any CPU.Build.0 = Release|Any CPU
		{6339C33A-DA52-4AF8-B66C-B9A405AB5BC7}.AppStore|ARM.ActiveCfg = Release|Any CPU
		{6339C33A-DA52-4AF8-B66C-B9A405AB5BC7}.AppStore|ARM.Build.0 = Release|Any CPU
		{6339C33A-DA52-4AF8-B66C-B9A405AB5BC7}.AppStore|iPhone.ActiveCfg = Release|Any CPU
		{6339C33A-DA52-4AF8-B66C-B9A405AB5BC7}.AppStore|iPhone.Build.0 = Release|Any CPU
		{6339C33A-DA52-4AF8-B66C-B9A405AB5BC7}.AppStore|iPhoneSimulator.ActiveCfg = Release|Any CPU
		{6339C33A-DA52-4AF8-B66C-B9A405AB5BC7}.AppStore|iPhoneSimulator.Build.0 = Release|Any CPU
		{6339C33A-DA52-4AF8-B66C-B9A405AB5BC7}.AppStore|x64.ActiveCfg = Release|Any CPU
		{6339C33A-DA52-4AF8-B66C-B9A405AB5BC7}.AppStore|x64.Build.0 = Release|Any CPU
		{6339C33A-DA52-4AF8-B66C-B9A405AB5BC7}.AppStore|x86.ActiveCfg = Release|Any CPU
		{6339C33A-DA52-4AF8-B66C-B9A405AB5BC7}.AppStore|x86.Build.0 = Release|Any CPU
		{6339C33A-DA52-4AF8-B66C-B9A405AB5BC7}.Debug|Any CPU.ActiveCfg = Debug|Any CPU
		{6339C33A-DA52-4AF8-B66C-B9A405AB5BC7}.Debug|Any CPU.Build.0 = Debug|Any CPU
		{6339C33A-DA52-4AF8-B66C-B9A405AB5BC7}.Debug|ARM.ActiveCfg = Debug|Any CPU
		{6339C33A-DA52-4AF8-B66C-B9A405AB5BC7}.Debug|ARM.Build.0 = Debug|Any CPU
		{6339C33A-DA52-4AF8-B66C-B9A405AB5BC7}.Debug|iPhone.ActiveCfg = Debug|Any CPU
		{6339C33A-DA52-4AF8-B66C-B9A405AB5BC7}.Debug|iPhone.Build.0 = Debug|Any CPU
		{6339C33A-DA52-4AF8-B66C-B9A405AB5BC7}.Debug|iPhoneSimulator.ActiveCfg = Debug|Any CPU
		{6339C33A-DA52-4AF8-B66C-B9A405AB5BC7}.Debug|iPhoneSimulator.Build.0 = Debug|Any CPU
		{6339C33A-DA52-4AF8-B66C-B9A405AB5BC7}.Debug|x64.ActiveCfg = Debug|Any CPU
		{6339C33A-DA52-4AF8-B66C-B9A405AB5BC7}.Debug|x64.Build.0 = Debug|Any CPU
		{6339C33A-DA52-4AF8-B66C-B9A405AB5BC7}.Debug|x86.ActiveCfg = Debug|Any CPU
		{6339C33A-DA52-4AF8-B66C-B9A405AB5BC7}.Debug|x86.Build.0 = Debug|Any CPU
		{6339C33A-DA52-4AF8-B66C-B9A405AB5BC7}.Release|Any CPU.ActiveCfg = Release|Any CPU
		{6339C33A-DA52-4AF8-B66C-B9A405AB5BC7}.Release|Any CPU.Build.0 = Release|Any CPU
		{6339C33A-DA52-4AF8-B66C-B9A405AB5BC7}.Release|ARM.ActiveCfg = Release|Any CPU
		{6339C33A-DA52-4AF8-B66C-B9A405AB5BC7}.Release|ARM.Build.0 = Release|Any CPU
		{6339C33A-DA52-4AF8-B66C-B9A405AB5BC7}.Release|iPhone.ActiveCfg = Release|Any CPU
		{6339C33A-DA52-4AF8-B66C-B9A405AB5BC7}.Release|iPhone.Build.0 = Release|Any CPU
		{6339C33A-DA52-4AF8-B66C-B9A405AB5BC7}.Release|iPhoneSimulator.ActiveCfg = Release|Any CPU
		{6339C33A-DA52-4AF8-B66C-B9A405AB5BC7}.Release|iPhoneSimulator.Build.0 = Release|Any CPU
		{6339C33A-DA52-4AF8-B66C-B9A405AB5BC7}.Release|x64.ActiveCfg = Release|Any CPU
		{6339C33A-DA52-4AF8-B66C-B9A405AB5BC7}.Release|x64.Build.0 = Release|Any CPU
		{6339C33A-DA52-4AF8-B66C-B9A405AB5BC7}.Release|x86.ActiveCfg = Release|Any CPU
		{6339C33A-DA52-4AF8-B66C-B9A405AB5BC7}.Release|x86.Build.0 = Release|Any CPU
		{2CC52081-8E81-4220-B8DD-17CA7C3207C8}.Ad-Hoc|Any CPU.ActiveCfg = Release|Any CPU
		{2CC52081-8E81-4220-B8DD-17CA7C3207C8}.Ad-Hoc|Any CPU.Build.0 = Release|Any CPU
		{2CC52081-8E81-4220-B8DD-17CA7C3207C8}.Ad-Hoc|Any CPU.Deploy.0 = Release|Any CPU
		{2CC52081-8E81-4220-B8DD-17CA7C3207C8}.Ad-Hoc|ARM.ActiveCfg = Release|Any CPU
		{2CC52081-8E81-4220-B8DD-17CA7C3207C8}.Ad-Hoc|ARM.Build.0 = Release|Any CPU
		{2CC52081-8E81-4220-B8DD-17CA7C3207C8}.Ad-Hoc|ARM.Deploy.0 = Release|Any CPU
		{2CC52081-8E81-4220-B8DD-17CA7C3207C8}.Ad-Hoc|iPhone.ActiveCfg = Release|Any CPU
		{2CC52081-8E81-4220-B8DD-17CA7C3207C8}.Ad-Hoc|iPhone.Build.0 = Release|Any CPU
		{2CC52081-8E81-4220-B8DD-17CA7C3207C8}.Ad-Hoc|iPhone.Deploy.0 = Release|Any CPU
		{2CC52081-8E81-4220-B8DD-17CA7C3207C8}.Ad-Hoc|iPhoneSimulator.ActiveCfg = Release|Any CPU
		{2CC52081-8E81-4220-B8DD-17CA7C3207C8}.Ad-Hoc|iPhoneSimulator.Build.0 = Release|Any CPU
		{2CC52081-8E81-4220-B8DD-17CA7C3207C8}.Ad-Hoc|iPhoneSimulator.Deploy.0 = Release|Any CPU
		{2CC52081-8E81-4220-B8DD-17CA7C3207C8}.Ad-Hoc|x64.ActiveCfg = Release|Any CPU
		{2CC52081-8E81-4220-B8DD-17CA7C3207C8}.Ad-Hoc|x64.Build.0 = Release|Any CPU
		{2CC52081-8E81-4220-B8DD-17CA7C3207C8}.Ad-Hoc|x64.Deploy.0 = Release|Any CPU
		{2CC52081-8E81-4220-B8DD-17CA7C3207C8}.Ad-Hoc|x86.ActiveCfg = Release|Any CPU
		{2CC52081-8E81-4220-B8DD-17CA7C3207C8}.Ad-Hoc|x86.Build.0 = Release|Any CPU
		{2CC52081-8E81-4220-B8DD-17CA7C3207C8}.Ad-Hoc|x86.Deploy.0 = Release|Any CPU
		{2CC52081-8E81-4220-B8DD-17CA7C3207C8}.AppStore|Any CPU.ActiveCfg = Release|Any CPU
		{2CC52081-8E81-4220-B8DD-17CA7C3207C8}.AppStore|Any CPU.Build.0 = Release|Any CPU
		{2CC52081-8E81-4220-B8DD-17CA7C3207C8}.AppStore|Any CPU.Deploy.0 = Release|Any CPU
		{2CC52081-8E81-4220-B8DD-17CA7C3207C8}.AppStore|ARM.ActiveCfg = Release|Any CPU
		{2CC52081-8E81-4220-B8DD-17CA7C3207C8}.AppStore|ARM.Build.0 = Release|Any CPU
		{2CC52081-8E81-4220-B8DD-17CA7C3207C8}.AppStore|ARM.Deploy.0 = Release|Any CPU
		{2CC52081-8E81-4220-B8DD-17CA7C3207C8}.AppStore|iPhone.ActiveCfg = Release|Any CPU
		{2CC52081-8E81-4220-B8DD-17CA7C3207C8}.AppStore|iPhone.Build.0 = Release|Any CPU
		{2CC52081-8E81-4220-B8DD-17CA7C3207C8}.AppStore|iPhone.Deploy.0 = Release|Any CPU
		{2CC52081-8E81-4220-B8DD-17CA7C3207C8}.AppStore|iPhoneSimulator.ActiveCfg = Release|Any CPU
		{2CC52081-8E81-4220-B8DD-17CA7C3207C8}.AppStore|iPhoneSimulator.Build.0 = Release|Any CPU
		{2CC52081-8E81-4220-B8DD-17CA7C3207C8}.AppStore|iPhoneSimulator.Deploy.0 = Release|Any CPU
		{2CC52081-8E81-4220-B8DD-17CA7C3207C8}.AppStore|x64.ActiveCfg = Release|Any CPU
		{2CC52081-8E81-4220-B8DD-17CA7C3207C8}.AppStore|x64.Build.0 = Release|Any CPU
		{2CC52081-8E81-4220-B8DD-17CA7C3207C8}.AppStore|x64.Deploy.0 = Release|Any CPU
		{2CC52081-8E81-4220-B8DD-17CA7C3207C8}.AppStore|x86.ActiveCfg = Release|Any CPU
		{2CC52081-8E81-4220-B8DD-17CA7C3207C8}.AppStore|x86.Build.0 = Release|Any CPU
		{2CC52081-8E81-4220-B8DD-17CA7C3207C8}.AppStore|x86.Deploy.0 = Release|Any CPU
		{2CC52081-8E81-4220-B8DD-17CA7C3207C8}.Debug|Any CPU.ActiveCfg = Debug|Any CPU
		{2CC52081-8E81-4220-B8DD-17CA7C3207C8}.Debug|Any CPU.Build.0 = Debug|Any CPU
		{2CC52081-8E81-4220-B8DD-17CA7C3207C8}.Debug|Any CPU.Deploy.0 = Debug|Any CPU
		{2CC52081-8E81-4220-B8DD-17CA7C3207C8}.Debug|ARM.ActiveCfg = Debug|Any CPU
		{2CC52081-8E81-4220-B8DD-17CA7C3207C8}.Debug|ARM.Build.0 = Debug|Any CPU
		{2CC52081-8E81-4220-B8DD-17CA7C3207C8}.Debug|ARM.Deploy.0 = Debug|Any CPU
		{2CC52081-8E81-4220-B8DD-17CA7C3207C8}.Debug|iPhone.ActiveCfg = Debug|Any CPU
		{2CC52081-8E81-4220-B8DD-17CA7C3207C8}.Debug|iPhone.Build.0 = Debug|Any CPU
		{2CC52081-8E81-4220-B8DD-17CA7C3207C8}.Debug|iPhone.Deploy.0 = Debug|Any CPU
		{2CC52081-8E81-4220-B8DD-17CA7C3207C8}.Debug|iPhoneSimulator.ActiveCfg = Debug|Any CPU
		{2CC52081-8E81-4220-B8DD-17CA7C3207C8}.Debug|iPhoneSimulator.Build.0 = Debug|Any CPU
		{2CC52081-8E81-4220-B8DD-17CA7C3207C8}.Debug|iPhoneSimulator.Deploy.0 = Debug|Any CPU
		{2CC52081-8E81-4220-B8DD-17CA7C3207C8}.Debug|x64.ActiveCfg = Debug|Any CPU
		{2CC52081-8E81-4220-B8DD-17CA7C3207C8}.Debug|x64.Build.0 = Debug|Any CPU
		{2CC52081-8E81-4220-B8DD-17CA7C3207C8}.Debug|x64.Deploy.0 = Debug|Any CPU
		{2CC52081-8E81-4220-B8DD-17CA7C3207C8}.Debug|x86.ActiveCfg = Debug|Any CPU
		{2CC52081-8E81-4220-B8DD-17CA7C3207C8}.Debug|x86.Build.0 = Debug|Any CPU
		{2CC52081-8E81-4220-B8DD-17CA7C3207C8}.Debug|x86.Deploy.0 = Debug|Any CPU
		{2CC52081-8E81-4220-B8DD-17CA7C3207C8}.Release|Any CPU.ActiveCfg = Release|Any CPU
		{2CC52081-8E81-4220-B8DD-17CA7C3207C8}.Release|Any CPU.Build.0 = Release|Any CPU
		{2CC52081-8E81-4220-B8DD-17CA7C3207C8}.Release|Any CPU.Deploy.0 = Release|Any CPU
		{2CC52081-8E81-4220-B8DD-17CA7C3207C8}.Release|ARM.ActiveCfg = Release|Any CPU
		{2CC52081-8E81-4220-B8DD-17CA7C3207C8}.Release|ARM.Build.0 = Release|Any CPU
		{2CC52081-8E81-4220-B8DD-17CA7C3207C8}.Release|ARM.Deploy.0 = Release|Any CPU
		{2CC52081-8E81-4220-B8DD-17CA7C3207C8}.Release|iPhone.ActiveCfg = Release|Any CPU
		{2CC52081-8E81-4220-B8DD-17CA7C3207C8}.Release|iPhone.Build.0 = Release|Any CPU
		{2CC52081-8E81-4220-B8DD-17CA7C3207C8}.Release|iPhone.Deploy.0 = Release|Any CPU
		{2CC52081-8E81-4220-B8DD-17CA7C3207C8}.Release|iPhoneSimulator.ActiveCfg = Release|Any CPU
		{2CC52081-8E81-4220-B8DD-17CA7C3207C8}.Release|iPhoneSimulator.Build.0 = Release|Any CPU
		{2CC52081-8E81-4220-B8DD-17CA7C3207C8}.Release|iPhoneSimulator.Deploy.0 = Release|Any CPU
		{2CC52081-8E81-4220-B8DD-17CA7C3207C8}.Release|x64.ActiveCfg = Release|Any CPU
		{2CC52081-8E81-4220-B8DD-17CA7C3207C8}.Release|x64.Build.0 = Release|Any CPU
		{2CC52081-8E81-4220-B8DD-17CA7C3207C8}.Release|x64.Deploy.0 = Release|Any CPU
		{2CC52081-8E81-4220-B8DD-17CA7C3207C8}.Release|x86.ActiveCfg = Release|Any CPU
		{2CC52081-8E81-4220-B8DD-17CA7C3207C8}.Release|x86.Build.0 = Release|Any CPU
		{2CC52081-8E81-4220-B8DD-17CA7C3207C8}.Release|x86.Deploy.0 = Release|Any CPU
		{DE6BA60F-A06A-4A79-A0C4-755795AAE37D}.Ad-Hoc|Any CPU.ActiveCfg = Ad-Hoc|iPhone
		{DE6BA60F-A06A-4A79-A0C4-755795AAE37D}.Ad-Hoc|ARM.ActiveCfg = Ad-Hoc|iPhone
		{DE6BA60F-A06A-4A79-A0C4-755795AAE37D}.Ad-Hoc|iPhone.ActiveCfg = Ad-Hoc|iPhone
		{DE6BA60F-A06A-4A79-A0C4-755795AAE37D}.Ad-Hoc|iPhone.Build.0 = Ad-Hoc|iPhone
		{DE6BA60F-A06A-4A79-A0C4-755795AAE37D}.Ad-Hoc|iPhoneSimulator.ActiveCfg = Ad-Hoc|iPhoneSimulator
		{DE6BA60F-A06A-4A79-A0C4-755795AAE37D}.Ad-Hoc|iPhoneSimulator.Build.0 = Ad-Hoc|iPhoneSimulator
		{DE6BA60F-A06A-4A79-A0C4-755795AAE37D}.Ad-Hoc|x64.ActiveCfg = Ad-Hoc|iPhone
		{DE6BA60F-A06A-4A79-A0C4-755795AAE37D}.Ad-Hoc|x86.ActiveCfg = Ad-Hoc|iPhone
		{DE6BA60F-A06A-4A79-A0C4-755795AAE37D}.AppStore|Any CPU.ActiveCfg = AppStore|iPhone
		{DE6BA60F-A06A-4A79-A0C4-755795AAE37D}.AppStore|ARM.ActiveCfg = AppStore|iPhone
		{DE6BA60F-A06A-4A79-A0C4-755795AAE37D}.AppStore|iPhone.ActiveCfg = AppStore|iPhone
		{DE6BA60F-A06A-4A79-A0C4-755795AAE37D}.AppStore|iPhone.Build.0 = AppStore|iPhone
		{DE6BA60F-A06A-4A79-A0C4-755795AAE37D}.AppStore|iPhoneSimulator.ActiveCfg = AppStore|iPhoneSimulator
		{DE6BA60F-A06A-4A79-A0C4-755795AAE37D}.AppStore|iPhoneSimulator.Build.0 = AppStore|iPhoneSimulator
		{DE6BA60F-A06A-4A79-A0C4-755795AAE37D}.AppStore|x64.ActiveCfg = AppStore|iPhone
		{DE6BA60F-A06A-4A79-A0C4-755795AAE37D}.AppStore|x86.ActiveCfg = AppStore|iPhone
		{DE6BA60F-A06A-4A79-A0C4-755795AAE37D}.Debug|Any CPU.ActiveCfg = Debug|iPhone
		{DE6BA60F-A06A-4A79-A0C4-755795AAE37D}.Debug|ARM.ActiveCfg = Debug|iPhone
		{DE6BA60F-A06A-4A79-A0C4-755795AAE37D}.Debug|iPhone.ActiveCfg = Debug|iPhone
		{DE6BA60F-A06A-4A79-A0C4-755795AAE37D}.Debug|iPhone.Build.0 = Debug|iPhone
		{DE6BA60F-A06A-4A79-A0C4-755795AAE37D}.Debug|iPhoneSimulator.ActiveCfg = Debug|iPhoneSimulator
		{DE6BA60F-A06A-4A79-A0C4-755795AAE37D}.Debug|iPhoneSimulator.Build.0 = Debug|iPhoneSimulator
		{DE6BA60F-A06A-4A79-A0C4-755795AAE37D}.Debug|x64.ActiveCfg = Debug|iPhone
		{DE6BA60F-A06A-4A79-A0C4-755795AAE37D}.Debug|x86.ActiveCfg = Debug|iPhone
		{DE6BA60F-A06A-4A79-A0C4-755795AAE37D}.Release|Any CPU.ActiveCfg = Release|iPhone
		{DE6BA60F-A06A-4A79-A0C4-755795AAE37D}.Release|ARM.ActiveCfg = Release|iPhone
		{DE6BA60F-A06A-4A79-A0C4-755795AAE37D}.Release|iPhone.ActiveCfg = Release|iPhone
		{DE6BA60F-A06A-4A79-A0C4-755795AAE37D}.Release|iPhone.Build.0 = Release|iPhone
		{DE6BA60F-A06A-4A79-A0C4-755795AAE37D}.Release|iPhoneSimulator.ActiveCfg = Release|iPhoneSimulator
		{DE6BA60F-A06A-4A79-A0C4-755795AAE37D}.Release|iPhoneSimulator.Build.0 = Release|iPhoneSimulator
		{DE6BA60F-A06A-4A79-A0C4-755795AAE37D}.Release|x64.ActiveCfg = Release|iPhone
		{DE6BA60F-A06A-4A79-A0C4-755795AAE37D}.Release|x86.ActiveCfg = Release|iPhone
		{FC8A1112-A19F-4CE1-9077-9A4C57336489}.Ad-Hoc|Any CPU.ActiveCfg = Release|Any CPU
		{FC8A1112-A19F-4CE1-9077-9A4C57336489}.Ad-Hoc|Any CPU.Build.0 = Release|Any CPU
		{FC8A1112-A19F-4CE1-9077-9A4C57336489}.Ad-Hoc|Any CPU.Deploy.0 = Release|Any CPU
		{FC8A1112-A19F-4CE1-9077-9A4C57336489}.Ad-Hoc|ARM.ActiveCfg = Release|ARM
		{FC8A1112-A19F-4CE1-9077-9A4C57336489}.Ad-Hoc|ARM.Build.0 = Release|ARM
		{FC8A1112-A19F-4CE1-9077-9A4C57336489}.Ad-Hoc|ARM.Deploy.0 = Release|ARM
		{FC8A1112-A19F-4CE1-9077-9A4C57336489}.Ad-Hoc|iPhone.ActiveCfg = Release|Any CPU
		{FC8A1112-A19F-4CE1-9077-9A4C57336489}.Ad-Hoc|iPhone.Build.0 = Release|Any CPU
		{FC8A1112-A19F-4CE1-9077-9A4C57336489}.Ad-Hoc|iPhone.Deploy.0 = Release|Any CPU
		{FC8A1112-A19F-4CE1-9077-9A4C57336489}.Ad-Hoc|iPhoneSimulator.ActiveCfg = Release|Any CPU
		{FC8A1112-A19F-4CE1-9077-9A4C57336489}.Ad-Hoc|iPhoneSimulator.Build.0 = Release|Any CPU
		{FC8A1112-A19F-4CE1-9077-9A4C57336489}.Ad-Hoc|iPhoneSimulator.Deploy.0 = Release|Any CPU
		{FC8A1112-A19F-4CE1-9077-9A4C57336489}.Ad-Hoc|x64.ActiveCfg = Release|Any CPU
		{FC8A1112-A19F-4CE1-9077-9A4C57336489}.Ad-Hoc|x64.Build.0 = Release|Any CPU
		{FC8A1112-A19F-4CE1-9077-9A4C57336489}.Ad-Hoc|x64.Deploy.0 = Release|Any CPU
		{FC8A1112-A19F-4CE1-9077-9A4C57336489}.Ad-Hoc|x86.ActiveCfg = Release|x86
		{FC8A1112-A19F-4CE1-9077-9A4C57336489}.Ad-Hoc|x86.Build.0 = Release|x86
		{FC8A1112-A19F-4CE1-9077-9A4C57336489}.Ad-Hoc|x86.Deploy.0 = Release|x86
		{FC8A1112-A19F-4CE1-9077-9A4C57336489}.AppStore|Any CPU.ActiveCfg = Release|Any CPU
		{FC8A1112-A19F-4CE1-9077-9A4C57336489}.AppStore|Any CPU.Build.0 = Release|Any CPU
		{FC8A1112-A19F-4CE1-9077-9A4C57336489}.AppStore|Any CPU.Deploy.0 = Release|Any CPU
		{FC8A1112-A19F-4CE1-9077-9A4C57336489}.AppStore|ARM.ActiveCfg = Release|ARM
		{FC8A1112-A19F-4CE1-9077-9A4C57336489}.AppStore|ARM.Build.0 = Release|ARM
		{FC8A1112-A19F-4CE1-9077-9A4C57336489}.AppStore|ARM.Deploy.0 = Release|ARM
		{FC8A1112-A19F-4CE1-9077-9A4C57336489}.AppStore|iPhone.ActiveCfg = Release|Any CPU
		{FC8A1112-A19F-4CE1-9077-9A4C57336489}.AppStore|iPhone.Build.0 = Release|Any CPU
		{FC8A1112-A19F-4CE1-9077-9A4C57336489}.AppStore|iPhone.Deploy.0 = Release|Any CPU
		{FC8A1112-A19F-4CE1-9077-9A4C57336489}.AppStore|iPhoneSimulator.ActiveCfg = Release|Any CPU
		{FC8A1112-A19F-4CE1-9077-9A4C57336489}.AppStore|iPhoneSimulator.Build.0 = Release|Any CPU
		{FC8A1112-A19F-4CE1-9077-9A4C57336489}.AppStore|iPhoneSimulator.Deploy.0 = Release|Any CPU
		{FC8A1112-A19F-4CE1-9077-9A4C57336489}.AppStore|x64.ActiveCfg = Release|Any CPU
		{FC8A1112-A19F-4CE1-9077-9A4C57336489}.AppStore|x64.Build.0 = Release|Any CPU
		{FC8A1112-A19F-4CE1-9077-9A4C57336489}.AppStore|x64.Deploy.0 = Release|Any CPU
		{FC8A1112-A19F-4CE1-9077-9A4C57336489}.AppStore|x86.ActiveCfg = Release|x86
		{FC8A1112-A19F-4CE1-9077-9A4C57336489}.AppStore|x86.Build.0 = Release|x86
		{FC8A1112-A19F-4CE1-9077-9A4C57336489}.AppStore|x86.Deploy.0 = Release|x86
		{FC8A1112-A19F-4CE1-9077-9A4C57336489}.Debug|Any CPU.ActiveCfg = Debug|Any CPU
		{FC8A1112-A19F-4CE1-9077-9A4C57336489}.Debug|Any CPU.Build.0 = Debug|Any CPU
		{FC8A1112-A19F-4CE1-9077-9A4C57336489}.Debug|Any CPU.Deploy.0 = Debug|Any CPU
		{FC8A1112-A19F-4CE1-9077-9A4C57336489}.Debug|ARM.ActiveCfg = Debug|ARM
		{FC8A1112-A19F-4CE1-9077-9A4C57336489}.Debug|ARM.Build.0 = Debug|ARM
		{FC8A1112-A19F-4CE1-9077-9A4C57336489}.Debug|ARM.Deploy.0 = Debug|ARM
		{FC8A1112-A19F-4CE1-9077-9A4C57336489}.Debug|iPhone.ActiveCfg = Debug|Any CPU
		{FC8A1112-A19F-4CE1-9077-9A4C57336489}.Debug|iPhone.Build.0 = Debug|Any CPU
		{FC8A1112-A19F-4CE1-9077-9A4C57336489}.Debug|iPhone.Deploy.0 = Debug|Any CPU
		{FC8A1112-A19F-4CE1-9077-9A4C57336489}.Debug|iPhoneSimulator.ActiveCfg = Debug|Any CPU
		{FC8A1112-A19F-4CE1-9077-9A4C57336489}.Debug|iPhoneSimulator.Build.0 = Debug|Any CPU
		{FC8A1112-A19F-4CE1-9077-9A4C57336489}.Debug|iPhoneSimulator.Deploy.0 = Debug|Any CPU
		{FC8A1112-A19F-4CE1-9077-9A4C57336489}.Debug|x64.ActiveCfg = Debug|Any CPU
		{FC8A1112-A19F-4CE1-9077-9A4C57336489}.Debug|x64.Build.0 = Debug|Any CPU
		{FC8A1112-A19F-4CE1-9077-9A4C57336489}.Debug|x64.Deploy.0 = Debug|Any CPU
		{FC8A1112-A19F-4CE1-9077-9A4C57336489}.Debug|x86.ActiveCfg = Debug|x86
		{FC8A1112-A19F-4CE1-9077-9A4C57336489}.Debug|x86.Build.0 = Debug|x86
		{FC8A1112-A19F-4CE1-9077-9A4C57336489}.Debug|x86.Deploy.0 = Debug|x86
		{FC8A1112-A19F-4CE1-9077-9A4C57336489}.Release|Any CPU.ActiveCfg = Release|Any CPU
		{FC8A1112-A19F-4CE1-9077-9A4C57336489}.Release|Any CPU.Build.0 = Release|Any CPU
		{FC8A1112-A19F-4CE1-9077-9A4C57336489}.Release|Any CPU.Deploy.0 = Release|Any CPU
		{FC8A1112-A19F-4CE1-9077-9A4C57336489}.Release|ARM.ActiveCfg = Release|ARM
		{FC8A1112-A19F-4CE1-9077-9A4C57336489}.Release|ARM.Build.0 = Release|ARM
		{FC8A1112-A19F-4CE1-9077-9A4C57336489}.Release|ARM.Deploy.0 = Release|ARM
		{FC8A1112-A19F-4CE1-9077-9A4C57336489}.Release|iPhone.ActiveCfg = Release|Any CPU
		{FC8A1112-A19F-4CE1-9077-9A4C57336489}.Release|iPhone.Build.0 = Release|Any CPU
		{FC8A1112-A19F-4CE1-9077-9A4C57336489}.Release|iPhone.Deploy.0 = Release|Any CPU
		{FC8A1112-A19F-4CE1-9077-9A4C57336489}.Release|iPhoneSimulator.ActiveCfg = Release|Any CPU
		{FC8A1112-A19F-4CE1-9077-9A4C57336489}.Release|iPhoneSimulator.Build.0 = Release|Any CPU
		{FC8A1112-A19F-4CE1-9077-9A4C57336489}.Release|iPhoneSimulator.Deploy.0 = Release|Any CPU
		{FC8A1112-A19F-4CE1-9077-9A4C57336489}.Release|x64.ActiveCfg = Release|Any CPU
		{FC8A1112-A19F-4CE1-9077-9A4C57336489}.Release|x64.Build.0 = Release|Any CPU
		{FC8A1112-A19F-4CE1-9077-9A4C57336489}.Release|x64.Deploy.0 = Release|Any CPU
		{FC8A1112-A19F-4CE1-9077-9A4C57336489}.Release|x86.ActiveCfg = Release|x86
		{FC8A1112-A19F-4CE1-9077-9A4C57336489}.Release|x86.Build.0 = Release|x86
		{FC8A1112-A19F-4CE1-9077-9A4C57336489}.Release|x86.Deploy.0 = Release|x86
		{3464480A-3A33-4407-AEA0-A6E4692668CB}.Ad-Hoc|Any CPU.ActiveCfg = Release|Any CPU
		{3464480A-3A33-4407-AEA0-A6E4692668CB}.Ad-Hoc|Any CPU.Build.0 = Release|Any CPU
		{3464480A-3A33-4407-AEA0-A6E4692668CB}.Ad-Hoc|Any CPU.Deploy.0 = Release|Any CPU
		{3464480A-3A33-4407-AEA0-A6E4692668CB}.Ad-Hoc|ARM.ActiveCfg = Release|ARM
		{3464480A-3A33-4407-AEA0-A6E4692668CB}.Ad-Hoc|ARM.Build.0 = Release|ARM
		{3464480A-3A33-4407-AEA0-A6E4692668CB}.Ad-Hoc|ARM.Deploy.0 = Release|ARM
		{3464480A-3A33-4407-AEA0-A6E4692668CB}.Ad-Hoc|iPhone.ActiveCfg = Release|Any CPU
		{3464480A-3A33-4407-AEA0-A6E4692668CB}.Ad-Hoc|iPhone.Build.0 = Release|Any CPU
		{3464480A-3A33-4407-AEA0-A6E4692668CB}.Ad-Hoc|iPhone.Deploy.0 = Release|Any CPU
		{3464480A-3A33-4407-AEA0-A6E4692668CB}.Ad-Hoc|iPhoneSimulator.ActiveCfg = Release|Any CPU
		{3464480A-3A33-4407-AEA0-A6E4692668CB}.Ad-Hoc|iPhoneSimulator.Build.0 = Release|Any CPU
		{3464480A-3A33-4407-AEA0-A6E4692668CB}.Ad-Hoc|iPhoneSimulator.Deploy.0 = Release|Any CPU
		{3464480A-3A33-4407-AEA0-A6E4692668CB}.Ad-Hoc|x64.ActiveCfg = Release|x64
		{3464480A-3A33-4407-AEA0-A6E4692668CB}.Ad-Hoc|x64.Build.0 = Release|x64
		{3464480A-3A33-4407-AEA0-A6E4692668CB}.Ad-Hoc|x64.Deploy.0 = Release|x64
		{3464480A-3A33-4407-AEA0-A6E4692668CB}.Ad-Hoc|x86.ActiveCfg = Release|x86
		{3464480A-3A33-4407-AEA0-A6E4692668CB}.Ad-Hoc|x86.Build.0 = Release|x86
		{3464480A-3A33-4407-AEA0-A6E4692668CB}.Ad-Hoc|x86.Deploy.0 = Release|x86
		{3464480A-3A33-4407-AEA0-A6E4692668CB}.AppStore|Any CPU.ActiveCfg = Release|Any CPU
		{3464480A-3A33-4407-AEA0-A6E4692668CB}.AppStore|Any CPU.Build.0 = Release|Any CPU
		{3464480A-3A33-4407-AEA0-A6E4692668CB}.AppStore|Any CPU.Deploy.0 = Release|Any CPU
		{3464480A-3A33-4407-AEA0-A6E4692668CB}.AppStore|ARM.ActiveCfg = Release|ARM
		{3464480A-3A33-4407-AEA0-A6E4692668CB}.AppStore|ARM.Build.0 = Release|ARM
		{3464480A-3A33-4407-AEA0-A6E4692668CB}.AppStore|ARM.Deploy.0 = Release|ARM
		{3464480A-3A33-4407-AEA0-A6E4692668CB}.AppStore|iPhone.ActiveCfg = Release|Any CPU
		{3464480A-3A33-4407-AEA0-A6E4692668CB}.AppStore|iPhone.Build.0 = Release|Any CPU
		{3464480A-3A33-4407-AEA0-A6E4692668CB}.AppStore|iPhone.Deploy.0 = Release|Any CPU
		{3464480A-3A33-4407-AEA0-A6E4692668CB}.AppStore|iPhoneSimulator.ActiveCfg = Release|Any CPU
		{3464480A-3A33-4407-AEA0-A6E4692668CB}.AppStore|iPhoneSimulator.Build.0 = Release|Any CPU
		{3464480A-3A33-4407-AEA0-A6E4692668CB}.AppStore|iPhoneSimulator.Deploy.0 = Release|Any CPU
		{3464480A-3A33-4407-AEA0-A6E4692668CB}.AppStore|x64.ActiveCfg = Release|x64
		{3464480A-3A33-4407-AEA0-A6E4692668CB}.AppStore|x64.Build.0 = Release|x64
		{3464480A-3A33-4407-AEA0-A6E4692668CB}.AppStore|x64.Deploy.0 = Release|x64
		{3464480A-3A33-4407-AEA0-A6E4692668CB}.AppStore|x86.ActiveCfg = Release|x86
		{3464480A-3A33-4407-AEA0-A6E4692668CB}.AppStore|x86.Build.0 = Release|x86
		{3464480A-3A33-4407-AEA0-A6E4692668CB}.AppStore|x86.Deploy.0 = Release|x86
		{3464480A-3A33-4407-AEA0-A6E4692668CB}.Debug|Any CPU.ActiveCfg = Debug|Any CPU
		{3464480A-3A33-4407-AEA0-A6E4692668CB}.Debug|Any CPU.Build.0 = Debug|Any CPU
		{3464480A-3A33-4407-AEA0-A6E4692668CB}.Debug|Any CPU.Deploy.0 = Debug|Any CPU
		{3464480A-3A33-4407-AEA0-A6E4692668CB}.Debug|ARM.ActiveCfg = Debug|ARM
		{3464480A-3A33-4407-AEA0-A6E4692668CB}.Debug|ARM.Build.0 = Debug|ARM
		{3464480A-3A33-4407-AEA0-A6E4692668CB}.Debug|ARM.Deploy.0 = Debug|ARM
		{3464480A-3A33-4407-AEA0-A6E4692668CB}.Debug|iPhone.ActiveCfg = Debug|Any CPU
		{3464480A-3A33-4407-AEA0-A6E4692668CB}.Debug|iPhone.Build.0 = Debug|Any CPU
		{3464480A-3A33-4407-AEA0-A6E4692668CB}.Debug|iPhone.Deploy.0 = Debug|Any CPU
		{3464480A-3A33-4407-AEA0-A6E4692668CB}.Debug|iPhoneSimulator.ActiveCfg = Debug|Any CPU
		{3464480A-3A33-4407-AEA0-A6E4692668CB}.Debug|iPhoneSimulator.Build.0 = Debug|Any CPU
		{3464480A-3A33-4407-AEA0-A6E4692668CB}.Debug|iPhoneSimulator.Deploy.0 = Debug|Any CPU
		{3464480A-3A33-4407-AEA0-A6E4692668CB}.Debug|x64.ActiveCfg = Debug|x64
		{3464480A-3A33-4407-AEA0-A6E4692668CB}.Debug|x64.Build.0 = Debug|x64
		{3464480A-3A33-4407-AEA0-A6E4692668CB}.Debug|x64.Deploy.0 = Debug|x64
		{3464480A-3A33-4407-AEA0-A6E4692668CB}.Debug|x86.ActiveCfg = Debug|x86
		{3464480A-3A33-4407-AEA0-A6E4692668CB}.Debug|x86.Build.0 = Debug|x86
		{3464480A-3A33-4407-AEA0-A6E4692668CB}.Debug|x86.Deploy.0 = Debug|x86
		{3464480A-3A33-4407-AEA0-A6E4692668CB}.Release|Any CPU.ActiveCfg = Release|Any CPU
		{3464480A-3A33-4407-AEA0-A6E4692668CB}.Release|Any CPU.Build.0 = Release|Any CPU
		{3464480A-3A33-4407-AEA0-A6E4692668CB}.Release|Any CPU.Deploy.0 = Release|Any CPU
		{3464480A-3A33-4407-AEA0-A6E4692668CB}.Release|ARM.ActiveCfg = Release|ARM
		{3464480A-3A33-4407-AEA0-A6E4692668CB}.Release|ARM.Build.0 = Release|ARM
		{3464480A-3A33-4407-AEA0-A6E4692668CB}.Release|ARM.Deploy.0 = Release|ARM
		{3464480A-3A33-4407-AEA0-A6E4692668CB}.Release|iPhone.ActiveCfg = Release|Any CPU
		{3464480A-3A33-4407-AEA0-A6E4692668CB}.Release|iPhone.Build.0 = Release|Any CPU
		{3464480A-3A33-4407-AEA0-A6E4692668CB}.Release|iPhone.Deploy.0 = Release|Any CPU
		{3464480A-3A33-4407-AEA0-A6E4692668CB}.Release|iPhoneSimulator.ActiveCfg = Release|Any CPU
		{3464480A-3A33-4407-AEA0-A6E4692668CB}.Release|iPhoneSimulator.Build.0 = Release|Any CPU
		{3464480A-3A33-4407-AEA0-A6E4692668CB}.Release|iPhoneSimulator.Deploy.0 = Release|Any CPU
		{3464480A-3A33-4407-AEA0-A6E4692668CB}.Release|x64.ActiveCfg = Release|x64
		{3464480A-3A33-4407-AEA0-A6E4692668CB}.Release|x64.Build.0 = Release|x64
		{3464480A-3A33-4407-AEA0-A6E4692668CB}.Release|x64.Deploy.0 = Release|x64
		{3464480A-3A33-4407-AEA0-A6E4692668CB}.Release|x86.ActiveCfg = Release|x86
		{3464480A-3A33-4407-AEA0-A6E4692668CB}.Release|x86.Build.0 = Release|x86
		{3464480A-3A33-4407-AEA0-A6E4692668CB}.Release|x86.Deploy.0 = Release|x86
	EndGlobalSection
	GlobalSection(SolutionProperties) = preSolution
		HideSolutionNode = FALSE
	EndGlobalSection
EndGlobal
